
Microsoft Visual Studio Solution File, Format Version 12.00
# Visual Studio Version 16
VisualStudioVersion = 16.0.31424.327
MinimumVisualStudioVersion = 10.0.40219.1
Project("{FAE04EC0-301F-11D3-BF4B-00C04F79EFBC}") = "MyFirstExtension", "MyFirstExtension\MyFirstExtension.csproj", "{F483A94D-37FA-4FD6-8996-0E4D4F0459DC}"
EndProject
Global
	GlobalSection(SolutionConfigurationPlatforms) = preSolution
		Debug|Any CPU = Debug|Any CPU
		Release|Any CPU = Release|Any CPU
	EndGlobalSection
	GlobalSection(ProjectConfigurationPlatforms) = postSolution
		{F483A94D-37FA-4FD6-8996-0E4D4F0459DC}.Debug|Any CPU.ActiveCfg = Debug|Any CPU
		{F483A94D-37FA-4FD6-8996-0E4D4F0459DC}.Debug|Any CPU.Build.0 = Debug|Any CPU
		{F483A94D-37FA-4FD6-8996-0E4D4F0459DC}.Release|Any CPU.ActiveCfg = Release|Any CPU
		{F483A94D-37FA-4FD6-8996-0E4D4F0459DC}.Release|Any CPU.Build.0 = Release|Any CPU
	EndGlobalSection
	GlobalSection(SolutionProperties) = preSolution
		HideSolutionNode = FALSE
	EndGlobalSection
	GlobalSection(ExtensibilityGlobals) = postSolution
		SolutionGuid = {668A1069-65E5-4B18-923F-D8F8948CDAF3}
	EndGlobalSection
EndGlobal
